// !$*UTF8*$!
{
	archiveVersion = 1;
	classes = {
	};
	objectVersion = 50;
	objects = {

/* Begin PBXBuildFile section */
		229333B82429D609002CEE1D /* AppDelegate.m in Sources */ = {isa = PBXBuildFile; fileRef = 229333B72429D609002CEE1D /* AppDelegate.m */; };
		229333BE2429D609002CEE1D /* ViewController.m in Sources */ = {isa = PBXBuildFile; fileRef = 229333BD2429D609002CEE1D /* ViewController.m */; };
		229333C32429D60C002CEE1D /* Assets.xcassets in Resources */ = {isa = PBXBuildFile; fileRef = 229333C22429D60C002CEE1D /* Assets.xcassets */; };
		229333C62429D60C002CEE1D /* LaunchScreen.storyboard in Resources */ = {isa = PBXBuildFile; fileRef = 229333C42429D60C002CEE1D /* LaunchScreen.storyboard */; };
		229333C92429D60C002CEE1D /* main.m in Sources */ = {isa = PBXBuildFile; fileRef = 229333C82429D60C002CEE1D /* main.m */; };
		229333D12429D74D002CEE1D /* GLKit.framework in Frameworks */ = {isa = PBXBuildFile; fileRef = 229333D02429D74D002CEE1D /* GLKit.framework */; };
		229333D32429D759002CEE1D /* OpenGLES.framework in Frameworks */ = {isa = PBXBuildFile; fileRef = 229333D22429D759002CEE1D /* OpenGLES.framework */; };
		229333D52429D779002CEE1D /* LGLKit.framework in Frameworks */ = {isa = PBXBuildFile; fileRef = 229333D42429D779002CEE1D /* LGLKit.framework */; };
		229333D62429D779002CEE1D /* LGLKit.framework in Embed Frameworks */ = {isa = PBXBuildFile; fileRef = 229333D42429D779002CEE1D /* LGLKit.framework */; settings = {ATTRIBUTES = (CodeSignOnCopy, RemoveHeadersOnCopy, ); }; };
		229333D92429DE0C002CEE1D /* vert.glsl in Resources */ = {isa = PBXBuildFile; fileRef = 229333D82429DE0C002CEE1D /* vert.glsl */; };
		229333DB2429DE1B002CEE1D /* frag.glsl in Resources */ = {isa = PBXBuildFile; fileRef = 229333DA2429DE1B002CEE1D /* frag.glsl */; };
		229333E22429DFA5002CEE1D /* def.png in Resources */ = {isa = PBXBuildFile; fileRef = 229333E12429DFA4002CEE1D /* def.png */; };
		229333E32429E0C8002CEE1D /* abc.png in Resources */ = {isa = PBXBuildFile; fileRef = 229333DE2429DF2E002CEE1D /* abc.png */; };
		22C71DF2243F109B004F7E05 /* FilterController.m in Sources */ = {isa = PBXBuildFile; fileRef = 22C71DF1243F109B004F7E05 /* FilterController.m */; };
/* End PBXBuildFile section */

/* Begin PBXCopyFilesBuildPhase section */
		229333D72429D779002CEE1D /* Embed Frameworks */ = {
			isa = PBXCopyFilesBuildPhase;
			buildActionMask = 2147483647;
			dstPath = "";
			dstSubfolderSpec = 10;
			files = (
				229333D62429D779002CEE1D /* LGLKit.framework in Embed Frameworks */,
			);
			name = "Embed Frameworks";
			runOnlyForDeploymentPostprocessing = 0;
		};
/* End PBXCopyFilesBuildPhase section */

/* Begin PBXFileReference section */
		229333B32429D609002CEE1D /* opengles-lesson-review.app */ = {isa = PBXFileReference; explicitFileType = wrapper.application; includeInIndex = 0; path = "opengles-lesson-review.app"; sourceTree = BUILT_PRODUCTS_DIR; };
		229333B62429D609002CEE1D /* AppDelegate.h */ = {isa = PBXFileReference; lastKnownFileType = sourcecode.c.h; path = AppDelegate.h; sourceTree = "<group>"; };
		229333B72429D609002CEE1D /* AppDelegate.m */ = {isa = PBXFileReference; lastKnownFileType = sourcecode.c.objc; path = AppDelegate.m; sourceTree = "<group>"; };
		229333BC2429D609002CEE1D /* ViewController.h */ = {isa = PBXFileReference; lastKnownFileType = sourcecode.c.h; path = ViewController.h; sourceTree = "<group>"; };
		229333BD2429D609002CEE1D /* ViewController.m */ = {isa = PBXFileReference; lastKnownFileType = sourcecode.c.objc; path = ViewController.m; sourceTree = "<group>"; };
		229333C22429D60C002CEE1D /* Assets.xcassets */ = {isa = PBXFileReference; lastKnownFileType = folder.assetcatalog; path = Assets.xcassets; sourceTree = "<group>"; };
		229333C52429D60C002CEE1D /* Base */ = {isa = PBXFileReference; lastKnownFileType = file.storyboard; name = Base; path = Base.lproj/LaunchScreen.storyboard; sourceTree = "<group>"; };
		229333C72429D60C002CEE1D /* Info.plist */ = {isa = PBXFileReference; lastKnownFileType = text.plist.xml; path = Info.plist; sourceTree = "<group>"; };
		229333C82429D60C002CEE1D /* main.m */ = {isa = PBXFileReference; lastKnownFileType = sourcecode.c.objc; path = main.m; sourceTree = "<group>"; };
		229333D02429D74D002CEE1D /* GLKit.framework */ = {isa = PBXFileReference; lastKnownFileType = wrapper.framework; name = GLKit.framework; path = System/Library/Frameworks/GLKit.framework; sourceTree = SDKROOT; };
		229333D22429D759002CEE1D /* OpenGLES.framework */ = {isa = PBXFileReference; lastKnownFileType = wrapper.framework; name = OpenGLES.framework; path = System/Library/Frameworks/OpenGLES.framework; sourceTree = SDKROOT; };
		229333D42429D779002CEE1D /* LGLKit.framework */ = {isa = PBXFileReference; explicitFileType = wrapper.framework; path = LGLKit.framework; sourceTree = BUILT_PRODUCTS_DIR; };
		229333D82429DE0C002CEE1D /* vert.glsl */ = {isa = PBXFileReference; lastKnownFileType = text; path = vert.glsl; sourceTree = "<group>"; };
		229333DA2429DE1B002CEE1D /* frag.glsl */ = {isa = PBXFileReference; lastKnownFileType = text; path = frag.glsl; sourceTree = "<group>"; };
		229333DE2429DF2E002CEE1D /* abc.png */ = {isa = PBXFileReference; lastKnownFileType = image.png; path = abc.png; sourceTree = "<group>"; };
		229333E12429DFA4002CEE1D /* def.png */ = {isa = PBXFileReference; lastKnownFileType = image.png; path = def.png; sourceTree = "<group>"; };
		229333E42429F369002CEE1D /* vertexes.h */ = {isa = PBXFileReference; fileEncoding = 4; lastKnownFileType = sourcecode.c.h; name = vertexes.h; path = "../../opengl-lesson-1/opengl-lesson-8/vertexes.h"; sourceTree = "<group>"; };
		22C71DF0243F109B004F7E05 /* FilterController.h */ = {isa = PBXFileReference; lastKnownFileType = sourcecode.c.h; path = FilterController.h; sourceTree = "<group>"; };
		22C71DF1243F109B004F7E05 /* FilterController.m */ = {isa = PBXFileReference; lastKnownFileType = sourcecode.c.objc; path = FilterController.m; sourceTree = "<group>"; };
/* End PBXFileReference section */

/* Begin PBXFrameworksBuildPhase section */
		229333B02429D609002CEE1D /* Frameworks */ = {
			isa = PBXFrameworksBuildPhase;
			buildActionMask = 2147483647;
			files = (
				229333D12429D74D002CEE1D /* GLKit.framework in Frameworks */,
				229333D52429D779002CEE1D /* LGLKit.framework in Frameworks */,
				229333D32429D759002CEE1D /* OpenGLES.framework in Frameworks */,
			);
			runOnlyForDeploymentPostprocessing = 0;
		};
/* End PBXFrameworksBuildPhase section */

/* Begin PBXGroup section */
		229333AA2429D609002CEE1D = {
			isa = PBXGroup;
			children = (
				229333B52429D609002CEE1D /* opengles-lesson-review */,
				229333B42429D609002CEE1D /* Products */,
				229333CF2429D74C002CEE1D /* Frameworks */,
			);
			sourceTree = "<group>";
		};
		229333B42429D609002CEE1D /* Products */ = {
			isa = PBXGroup;
			children = (
				229333B32429D609002CEE1D /* opengles-lesson-review.app */,
			);
			name = Products;
			sourceTree = "<group>";
		};
		229333B52429D609002CEE1D /* opengles-lesson-review */ = {
			isa = PBXGroup;
			children = (
				229333E42429F369002CEE1D /* vertexes.h */,
				229333E12429DFA4002CEE1D /* def.png */,
				229333DE2429DF2E002CEE1D /* abc.png */,
				229333B62429D609002CEE1D /* AppDelegate.h */,
				229333B72429D609002CEE1D /* AppDelegate.m */,
				229333BC2429D609002CEE1D /* ViewController.h */,
				229333BD2429D609002CEE1D /* ViewController.m */,
				22C71DF0243F109B004F7E05 /* FilterController.h */,
				22C71DF1243F109B004F7E05 /* FilterController.m */,
				229333C22429D60C002CEE1D /* Assets.xcassets */,
				229333C42429D60C002CEE1D /* LaunchScreen.storyboard */,
				229333C72429D60C002CEE1D /* Info.plist */,
				229333C82429D60C002CEE1D /* main.m */,
				229333D82429DE0C002CEE1D /* vert.glsl */,
				229333DA2429DE1B002CEE1D /* frag.glsl */,
			);
			path = "opengles-lesson-review";
			sourceTree = "<group>";
		};
		229333CF2429D74C002CEE1D /* Frameworks */ = {
			isa = PBXGroup;
			children = (
				229333D42429D779002CEE1D /* LGLKit.framework */,
				229333D22429D759002CEE1D /* OpenGLES.framework */,
				229333D02429D74D002CEE1D /* GLKit.framework */,
			);
			name = Frameworks;
			sourceTree = "<group>";
		};
/* End PBXGroup section */

/* Begin PBXNativeTarget section */
		229333B22429D609002CEE1D /* opengles-lesson-review */ = {
			isa = PBXNativeTarget;
			buildConfigurationList = 229333CC2429D60C002CEE1D /* Build configuration list for PBXNativeTarget "opengles-lesson-review" */;
			buildPhases = (
				229333AF2429D609002CEE1D /* Sources */,
				229333B02429D609002CEE1D /* Frameworks */,
				229333B12429D609002CEE1D /* Resources */,
				229333D72429D779002CEE1D /* Embed Frameworks */,
			);
			buildRules = (
			);
			dependencies = (
			);
			name = "opengles-lesson-review";
			productName = "opengles-lesson-review";
			productReference = 229333B32429D609002CEE1D /* opengles-lesson-review.app */;
			productType = "com.apple.product-type.application";
		};
/* End PBXNativeTarget section */

/* Begin PBXProject section */
		229333AB2429D609002CEE1D /* Project object */ = {
			isa = PBXProject;
			attributes = {
				LastUpgradeCheck = 1110;
				ORGANIZATIONNAME = Sam;
				TargetAttributes = {
					229333B22429D609002CEE1D = {
						CreatedOnToolsVersion = 11.1;
					};
				};
			};
			buildConfigurationList = 229333AE2429D609002CEE1D /* Build configuration list for PBXProject "opengles-lesson-review" */;
			compatibilityVersion = "Xcode 9.3";
			developmentRegion = en;
			hasScannedForEncodings = 0;
			knownRegions = (
				en,
				Base,
			);
			mainGroup = 229333AA2429D609002CEE1D;
			productRefGroup = 229333B42429D609002CEE1D /* Products */;
			projectDirPath = "";
			projectRoot = "";
			targets = (
				229333B22429D609002CEE1D /* opengles-lesson-review */,
			);
		};
/* End PBXProject section */

/* Begin PBXResourcesBuildPhase section */
		229333B12429D609002CEE1D /* Resources */ = {
			isa = PBXResourcesBuildPhase;
			buildActionMask = 2147483647;
			files = (
				229333E32429E0C8002CEE1D /* abc.png in Resources */,
				229333C62429D60C002CEE1D /* LaunchScreen.storyboard in Resources */,
				229333DB2429DE1B002CEE1D /* frag.glsl in Resources */,
				229333E22429DFA5002CEE1D /* def.png in Resources */,
				229333D92429DE0C002CEE1D /* vert.glsl in Resources */,
				229333C32429D60C002CEE1D /* Assets.xcassets in Resources */,
			);
			runOnlyForDeploymentPostprocessing = 0;
		};
/* End PBXResourcesBuildPhase section */

/* Begin PBXSourcesBuildPhase section */
		229333AF2429D609002CEE1D /* Sources */ = {
			isa = PBXSourcesBuildPhase;
			buildActionMask = 2147483647;
			files = (
				229333BE2429D609002CEE1D /* ViewController.m in Sources */,
				229333B82429D609002CEE1D /* AppDelegate.m in Sources */,
				229333C92429D60C002CEE1D /* main.m in Sources */,
				22C71DF2243F109B004F7E05 /* FilterController.m in Sources */,
			);
			runOnlyForDeploymentPostprocessing = 0;
		};
/* End PBXSourcesBuildPhase section */

/* Begin PBXVariantGroup section */
		229333C42429D60C002CEE1D /* LaunchScreen.storyboard */ = {
			isa = PBXVariantGroup;
			children = (
				229333C52429D60C002CEE1D /* Base */,
			);
			name = LaunchScreen.storyboard;
			sourceTree = "<group>";
		};
/* End PBXVariantGroup section */

/* Begin XCBuildConfiguration section */
		229333CA2429D60C002CEE1D /* Debug */ = {
			isa = XCBuildConfiguration;
			buildSettings = {
				ALWAYS_SEARCH_USER_PATHS = NO;
				CLANG_ANALYZER_NONNULL = YES;
				CLANG_ANALYZER_NUMBER_OBJECT_CONVERSION = YES_AGGRESSIVE;
				CLANG_CXX_LANGUAGE_STANDARD = "gnu++14";
				CLANG_CXX_LIBRARY = "libc++";
				CLANG_ENABLE_MODULES = YES;
				CLANG_ENABLE_OBJC_ARC = YES;
				CLANG_ENABLE_OBJC_WEAK = YES;
				CLANG_WARN_BLOCK_CAPTURE_AUTORELEASING = YES;
				CLANG_WARN_BOOL_CONVERSION = YES;
				CLANG_WARN_COMMA = YES;
				CLANG_WARN_CONSTANT_CONVERSION = YES;
				CLANG_WARN_DEPRECATED_OBJC_IMPLEMENTATIONS = YES;
				CLANG_WARN_DIRECT_OBJC_ISA_USAGE = YES_ERROR;
				CLANG_WARN_DOCUMENTATION_COMMENTS = YES;
				CLANG_WARN_EMPTY_BODY = YES;
				CLANG_WARN_ENUM_CONVERSION = YES;
				CLANG_WARN_INFINITE_RECURSION = YES;
				CLANG_WARN_INT_CONVERSION = YES;
				CLANG_WARN_NON_LITERAL_NULL_CONVERSION = YES;
				CLANG_WARN_OBJC_IMPLICIT_RETAIN_SELF = YES;
				CLANG_WARN_OBJC_LITERAL_CONVERSION = YES;
				CLANG_WARN_OBJC_ROOT_CLASS = YES_ERROR;
				CLANG_WARN_RANGE_LOOP_ANALYSIS = YES;
				CLANG_WARN_STRICT_PROTOTYPES = YES;
				CLANG_WARN_SUSPICIOUS_MOVE = YES;
				CLANG_WARN_UNGUARDED_AVAILABILITY = YES_AGGRESSIVE;
				CLANG_WARN_UNREACHABLE_CODE = YES;
				CLANG_WARN__DUPLICATE_METHOD_MATCH = YES;
				COPY_PHASE_STRIP = NO;
				DEBUG_INFORMATION_FORMAT = dwarf;
				ENABLE_STRICT_OBJC_MSGSEND = YES;
				ENABLE_TESTABILITY = YES;
				GCC_C_LANGUAGE_STANDARD = gnu11;
				GCC_DYNAMIC_NO_PIC = NO;
				GCC_NO_COMMON_BLOCKS = YES;
				GCC_OPTIMIZATION_LEVEL = 0;
				GCC_PREPROCESSOR_DEFINITIONS = (
					"DEBUG=1",
					"$(inherited)",
				);
				GCC_WARN_64_TO_32_BIT_CONVERSION = YES;
				GCC_WARN_ABOUT_RETURN_TYPE = YES_ERROR;
				GCC_WARN_UNDECLARED_SELECTOR = YES;
				GCC_WARN_UNINITIALIZED_AUTOS = YES_AGGRESSIVE;
				GCC_WARN_UNUSED_FUNCTION = YES;
				GCC_WARN_UNUSED_VARIABLE = YES;
				IPHONEOS_DEPLOYMENT_TARGET = 8.0;
				MTL_ENABLE_DEBUG_INFO = INCLUDE_SOURCE;
				MTL_FAST_MATH = YES;
				ONLY_ACTIVE_ARCH = YES;
				SDKROOT = iphoneos;
			};
			name = Debug;
		};
		229333CB2429D60C002CEE1D /* Release */ = {
			isa = XCBuildConfiguration;
			buildSettings = {
				ALWAYS_SEARCH_USER_PATHS = NO;
				CLANG_ANALYZER_NONNULL = YES;
				CLANG_ANALYZER_NUMBER_OBJECT_CONVERSION = YES_AGGRESSIVE;
				CLANG_CXX_LANGUAGE_STANDARD = "gnu++14";
				CLANG_CXX_LIBRARY = "libc++";
				CLANG_ENABLE_MODULES = YES;
				CLANG_ENABLE_OBJC_ARC = YES;
				CLANG_ENABLE_OBJC_WEAK = YES;
				CLANG_WARN_BLOCK_CAPTURE_AUTORELEASING = YES;
				CLANG_WARN_BOOL_CONVERSION = YES;
				CLANG_WARN_COMMA = YES;
				CLANG_WARN_CONSTANT_CONVERSION = YES;
				CLANG_WARN_DEPRECATED_OBJC_IMPLEMENTATIONS = YES;
				CLANG_WARN_DIRECT_OBJC_ISA_USAGE = YES_ERROR;
				CLANG_WARN_DOCUMENTATION_COMMENTS = YES;
				CLANG_WARN_EMPTY_BODY = YES;
				CLANG_WARN_ENUM_CONVERSION = YES;
				CLANG_WARN_INFINITE_RECURSION = YES;
				CLANG_WARN_INT_CONVERSION = YES;
				CLANG_WARN_NON_LITERAL_NULL_CONVERSION = YES;
				CLANG_WARN_OBJC_IMPLICIT_RETAIN_SELF = YES;
				CLANG_WARN_OBJC_LITERAL_CONVERSION = YES;
				CLANG_WARN_OBJC_ROOT_CLASS = YES_ERROR;
				CLANG_WARN_RANGE_LOOP_ANALYSIS = YES;
				CLANG_WARN_STRICT_PROTOTYPES = YES;
				CLANG_WARN_SUSPICIOUS_MOVE = YES;
				CLANG_WARN_UNGUARDED_AVAILABILITY = YES_AGGRESSIVE;
				CLANG_WARN_UNREACHABLE_CODE = YES;
				CLANG_WARN__DUPLICATE_METHOD_MATCH = YES;
				COPY_PHASE_STRIP = NO;
				DEBUG_INFORMATION_FORMAT = "dwarf-with-dsym";
				ENABLE_NS_ASSERTIONS = NO;
				ENABLE_STRICT_OBJC_MSGSEND = YES;
				GCC_C_LANGUAGE_STANDARD = gnu11;
				GCC_NO_COMMON_BLOCKS = YES;
				GCC_WARN_64_TO_32_BIT_CONVERSION = YES;
				GCC_WARN_ABOUT_RETURN_TYPE = YES_ERROR;
				GCC_WARN_UNDECLARED_SELECTOR = YES;
				GCC_WARN_UNINITIALIZED_AUTOS = YES_AGGRESSIVE;
				GCC_WARN_UNUSED_FUNCTION = YES;
				GCC_WARN_UNUSED_VARIABLE = YES;
				IPHONEOS_DEPLOYMENT_TARGET = 8.0;
				MTL_ENABLE_DEBUG_INFO = NO;
				MTL_FAST_MATH = YES;
				SDKROOT = iphoneos;
				VALIDATE_PRODUCT = YES;
			};
			name = Release;
		};
		229333CD2429D60C002CEE1D /* Debug */ = {
			isa = XCBuildConfiguration;
			buildSettings = {
				ASSETCATALOG_COMPILER_APPICON_NAME = AppIcon;
				CODE_SIGN_STYLE = Automatic;
				DEVELOPMENT_TEAM = BBH3U98L88;
				INFOPLIST_FILE = "opengles-lesson-review/Info.plist";
				LD_RUNPATH_SEARCH_PATHS = (
					"$(inherited)",
					"@executable_path/Frameworks",
				);
				PRODUCT_BUNDLE_IDENTIFIER = "com.sam.www.opengles-lesson-review";
				PRODUCT_NAME = "$(TARGET_NAME)";
				TARGETED_DEVICE_FAMILY = "1,2";
			};
			name = Debug;
		};
		229333CE2429D60C002CEE1D /* Release */ = {
			isa = XCBuildConfiguration;
			buildSettings = {
				ASSETCATALOG_COMPILER_APPICON_NAME = AppIcon;
				CODE_SIGN_STYLE = Automatic;
				DEVELOPMENT_TEAM = BBH3U98L88;
				INFOPLIST_FILE = "opengles-lesson-review/Info.plist";
				LD_RUNPATH_SEARCH_PATHS = (
					"$(inherited)",
					"@executable_path/Frameworks",
				);
				PRODUCT_BUNDLE_IDENTIFIER = "com.sam.www.opengles-lesson-review";
				PRODUCT_NAME = "$(TARGET_NAME)";
				TARGETED_DEVICE_FAMILY = "1,2";
			};
			name = Release;
		};
/* End XCBuildConfiguration section */

/* Begin XCConfigurationList section */
		229333AE2429D609002CEE1D /* Build configuration list for PBXProject "opengles-lesson-review" */ = {
			isa = XCConfigurationList;
			buildConfigurations = (
				229333CA2429D60C002CEE1D /* Debug */,
				229333CB2429D60C002CEE1D /* Release */,
			);
			defaultConfigurationIsVisible = 0;
			defaultConfigurationName = Release;
		};
		229333CC2429D60C002CEE1D /* Build configuration list for PBXNativeTarget "opengles-lesson-review" */ = {
			isa = XCConfigurationList;
			buildConfigurations = (
				229333CD2429D60C002CEE1D /* Debug */,
				229333CE2429D60C002CEE1D /* Release */,
			);
			defaultConfigurationIsVisible = 0;
			defaultConfigurationName = Release;
		};
/* End XCConfigurationList section */
	};
	rootObject = 229333AB2429D609002CEE1D /* Project object */;
}
