// !$*UTF8*$!
{
	archiveVersion = 1;
	classes = {
	};
	objectVersion = 50;
	objects = {

/* Begin PBXBuildFile section */
		229333262429CCA6002CEE1D /* LGLKit.h in Headers */ = {isa = PBXBuildFile; fileRef = 229333242429CCA6002CEE1D /* LGLKit.h */; settings = {ATTRIBUTES = (Public, ); }; };
		229333532429CD69002CEE1D /* LGLKit.h in Headers */ = {isa = PBXBuildFile; fileRef = 229333242429CCA6002CEE1D /* LGLKit.h */; settings = {ATTRIBUTES = (Public, ); }; };
		2293336E2429CE95002CEE1D /* LGLInclude.h in Headers */ = {isa = PBXBuildFile; fileRef = 2293336D2429CE95002CEE1D /* LGLInclude.h */; settings = {ATTRIBUTES = (Public, ); }; };
		2293336F2429CE95002CEE1D /* LGLInclude.h in Headers */ = {isa = PBXBuildFile; fileRef = 2293336D2429CE95002CEE1D /* LGLInclude.h */; settings = {ATTRIBUTES = (Public, ); }; };
		229333862429D256002CEE1D /* LGVertexArrayObject.h in Headers */ = {isa = PBXBuildFile; fileRef = 229333742429D254002CEE1D /* LGVertexArrayObject.h */; settings = {ATTRIBUTES = (Public, ); }; };
		229333872429D256002CEE1D /* LGVertexArrayObject.h in Headers */ = {isa = PBXBuildFile; fileRef = 229333742429D254002CEE1D /* LGVertexArrayObject.h */; settings = {ATTRIBUTES = (Public, ); }; };
		229333882429D256002CEE1D /* LGFragmentShader.h in Headers */ = {isa = PBXBuildFile; fileRef = 229333752429D255002CEE1D /* LGFragmentShader.h */; settings = {ATTRIBUTES = (Public, ); }; };
		229333892429D256002CEE1D /* LGFragmentShader.h in Headers */ = {isa = PBXBuildFile; fileRef = 229333752429D255002CEE1D /* LGFragmentShader.h */; settings = {ATTRIBUTES = (Public, ); }; };
		2293338A2429D256002CEE1D /* LGVertexShader.m in Sources */ = {isa = PBXBuildFile; fileRef = 229333762429D255002CEE1D /* LGVertexShader.m */; };
		2293338B2429D256002CEE1D /* LGVertexShader.m in Sources */ = {isa = PBXBuildFile; fileRef = 229333762429D255002CEE1D /* LGVertexShader.m */; };
		2293338C2429D256002CEE1D /* LGProgram.h in Headers */ = {isa = PBXBuildFile; fileRef = 229333772429D255002CEE1D /* LGProgram.h */; settings = {ATTRIBUTES = (Public, ); }; };
		2293338D2429D256002CEE1D /* LGProgram.h in Headers */ = {isa = PBXBuildFile; fileRef = 229333772429D255002CEE1D /* LGProgram.h */; settings = {ATTRIBUTES = (Public, ); }; };
		2293338E2429D256002CEE1D /* LGVertexShader.h in Headers */ = {isa = PBXBuildFile; fileRef = 229333782429D255002CEE1D /* LGVertexShader.h */; settings = {ATTRIBUTES = (Public, ); }; };
		2293338F2429D256002CEE1D /* LGVertexShader.h in Headers */ = {isa = PBXBuildFile; fileRef = 229333782429D255002CEE1D /* LGVertexShader.h */; settings = {ATTRIBUTES = (Public, ); }; };
		229333902429D256002CEE1D /* LGVertexBufferObject.h in Headers */ = {isa = PBXBuildFile; fileRef = 229333792429D255002CEE1D /* LGVertexBufferObject.h */; settings = {ATTRIBUTES = (Public, ); }; };
		229333912429D256002CEE1D /* LGVertexBufferObject.h in Headers */ = {isa = PBXBuildFile; fileRef = 229333792429D255002CEE1D /* LGVertexBufferObject.h */; settings = {ATTRIBUTES = (Public, ); }; };
		229333922429D256002CEE1D /* LGProgram.m in Sources */ = {isa = PBXBuildFile; fileRef = 2293337A2429D255002CEE1D /* LGProgram.m */; };
		229333932429D256002CEE1D /* LGProgram.m in Sources */ = {isa = PBXBuildFile; fileRef = 2293337A2429D255002CEE1D /* LGProgram.m */; };
		229333942429D256002CEE1D /* LGShader.m in Sources */ = {isa = PBXBuildFile; fileRef = 2293337B2429D255002CEE1D /* LGShader.m */; };
		229333952429D256002CEE1D /* LGShader.m in Sources */ = {isa = PBXBuildFile; fileRef = 2293337B2429D255002CEE1D /* LGShader.m */; };
		229333962429D256002CEE1D /* LGVertexBufferObject.m in Sources */ = {isa = PBXBuildFile; fileRef = 2293337C2429D255002CEE1D /* LGVertexBufferObject.m */; };
		229333972429D256002CEE1D /* LGVertexBufferObject.m in Sources */ = {isa = PBXBuildFile; fileRef = 2293337C2429D255002CEE1D /* LGVertexBufferObject.m */; };
		229333982429D256002CEE1D /* LGVertexArrayObject.m in Sources */ = {isa = PBXBuildFile; fileRef = 2293337D2429D255002CEE1D /* LGVertexArrayObject.m */; };
		229333992429D256002CEE1D /* LGVertexArrayObject.m in Sources */ = {isa = PBXBuildFile; fileRef = 2293337D2429D255002CEE1D /* LGVertexArrayObject.m */; };
		2293339A2429D256002CEE1D /* LGElementBuffereObject.h in Headers */ = {isa = PBXBuildFile; fileRef = 2293337E2429D255002CEE1D /* LGElementBuffereObject.h */; settings = {ATTRIBUTES = (Public, ); }; };
		2293339B2429D256002CEE1D /* LGElementBuffereObject.h in Headers */ = {isa = PBXBuildFile; fileRef = 2293337E2429D255002CEE1D /* LGElementBuffereObject.h */; settings = {ATTRIBUTES = (Public, ); }; };
		2293339D2429D256002CEE1D /* LGWindow.h in Headers */ = {isa = PBXBuildFile; fileRef = 2293337F2429D255002CEE1D /* LGWindow.h */; settings = {ATTRIBUTES = (Public, ); }; };
		2293339E2429D256002CEE1D /* LGFragmentShader.m in Sources */ = {isa = PBXBuildFile; fileRef = 229333802429D255002CEE1D /* LGFragmentShader.m */; };
		2293339F2429D256002CEE1D /* LGFragmentShader.m in Sources */ = {isa = PBXBuildFile; fileRef = 229333802429D255002CEE1D /* LGFragmentShader.m */; };
		229333A02429D256002CEE1D /* LGShader.h in Headers */ = {isa = PBXBuildFile; fileRef = 229333812429D255002CEE1D /* LGShader.h */; settings = {ATTRIBUTES = (Public, ); }; };
		229333A12429D256002CEE1D /* LGShader.h in Headers */ = {isa = PBXBuildFile; fileRef = 229333812429D255002CEE1D /* LGShader.h */; settings = {ATTRIBUTES = (Public, ); }; };
		229333A22429D256002CEE1D /* LGTexture.h in Headers */ = {isa = PBXBuildFile; fileRef = 229333822429D255002CEE1D /* LGTexture.h */; settings = {ATTRIBUTES = (Public, ); }; };
		229333A32429D256002CEE1D /* LGTexture.h in Headers */ = {isa = PBXBuildFile; fileRef = 229333822429D255002CEE1D /* LGTexture.h */; settings = {ATTRIBUTES = (Public, ); }; };
		229333A42429D256002CEE1D /* LGTexture.m in Sources */ = {isa = PBXBuildFile; fileRef = 229333832429D255002CEE1D /* LGTexture.m */; };
		229333A52429D256002CEE1D /* LGTexture.m in Sources */ = {isa = PBXBuildFile; fileRef = 229333832429D255002CEE1D /* LGTexture.m */; };
		229333A62429D256002CEE1D /* LGElementBuffereObject.m in Sources */ = {isa = PBXBuildFile; fileRef = 229333842429D255002CEE1D /* LGElementBuffereObject.m */; };
		229333A72429D256002CEE1D /* LGElementBuffereObject.m in Sources */ = {isa = PBXBuildFile; fileRef = 229333842429D255002CEE1D /* LGElementBuffereObject.m */; };
		229333A92429D256002CEE1D /* LGWindow.m in Sources */ = {isa = PBXBuildFile; fileRef = 229333852429D255002CEE1D /* LGWindow.m */; };
/* End PBXBuildFile section */

/* Begin PBXFileReference section */
		229333212429CCA6002CEE1D /* LGLKit.framework */ = {isa = PBXFileReference; explicitFileType = wrapper.framework; includeInIndex = 0; path = LGLKit.framework; sourceTree = BUILT_PRODUCTS_DIR; };
		229333242429CCA6002CEE1D /* LGLKit.h */ = {isa = PBXFileReference; lastKnownFileType = sourcecode.c.h; path = LGLKit.h; sourceTree = "<group>"; };
		229333252429CCA6002CEE1D /* Info.plist */ = {isa = PBXFileReference; lastKnownFileType = text.plist.xml; path = Info.plist; sourceTree = "<group>"; };
		2293336B2429CD69002CEE1D /* MACLGLKit.framework */ = {isa = PBXFileReference; explicitFileType = wrapper.framework; includeInIndex = 0; path = MACLGLKit.framework; sourceTree = BUILT_PRODUCTS_DIR; };
		2293336C2429CD69002CEE1D /* LGLKit copy-Info.plist */ = {isa = PBXFileReference; lastKnownFileType = text.plist.xml; name = "LGLKit copy-Info.plist"; path = "/Volumes/Sam/音视频/opengl/LGLKit/LGLKit copy-Info.plist"; sourceTree = "<absolute>"; };
		2293336D2429CE95002CEE1D /* LGLInclude.h */ = {isa = PBXFileReference; lastKnownFileType = sourcecode.c.h; path = LGLInclude.h; sourceTree = "<group>"; };
		229333742429D254002CEE1D /* LGVertexArrayObject.h */ = {isa = PBXFileReference; fileEncoding = 4; lastKnownFileType = sourcecode.c.h; path = LGVertexArrayObject.h; sourceTree = "<group>"; };
		229333752429D255002CEE1D /* LGFragmentShader.h */ = {isa = PBXFileReference; fileEncoding = 4; lastKnownFileType = sourcecode.c.h; path = LGFragmentShader.h; sourceTree = "<group>"; };
		229333762429D255002CEE1D /* LGVertexShader.m */ = {isa = PBXFileReference; fileEncoding = 4; lastKnownFileType = sourcecode.c.objc; path = LGVertexShader.m; sourceTree = "<group>"; };
		229333772429D255002CEE1D /* LGProgram.h */ = {isa = PBXFileReference; fileEncoding = 4; lastKnownFileType = sourcecode.c.h; path = LGProgram.h; sourceTree = "<group>"; };
		229333782429D255002CEE1D /* LGVertexShader.h */ = {isa = PBXFileReference; fileEncoding = 4; lastKnownFileType = sourcecode.c.h; path = LGVertexShader.h; sourceTree = "<group>"; };
		229333792429D255002CEE1D /* LGVertexBufferObject.h */ = {isa = PBXFileReference; fileEncoding = 4; lastKnownFileType = sourcecode.c.h; path = LGVertexBufferObject.h; sourceTree = "<group>"; };
		2293337A2429D255002CEE1D /* LGProgram.m */ = {isa = PBXFileReference; fileEncoding = 4; lastKnownFileType = sourcecode.c.objc; path = LGProgram.m; sourceTree = "<group>"; };
		2293337B2429D255002CEE1D /* LGShader.m */ = {isa = PBXFileReference; fileEncoding = 4; lastKnownFileType = sourcecode.c.objc; path = LGShader.m; sourceTree = "<group>"; };
		2293337C2429D255002CEE1D /* LGVertexBufferObject.m */ = {isa = PBXFileReference; fileEncoding = 4; lastKnownFileType = sourcecode.c.objc; path = LGVertexBufferObject.m; sourceTree = "<group>"; };
		2293337D2429D255002CEE1D /* LGVertexArrayObject.m */ = {isa = PBXFileReference; fileEncoding = 4; lastKnownFileType = sourcecode.c.objc; path = LGVertexArrayObject.m; sourceTree = "<group>"; };
		2293337E2429D255002CEE1D /* LGElementBuffereObject.h */ = {isa = PBXFileReference; fileEncoding = 4; lastKnownFileType = sourcecode.c.h; path = LGElementBuffereObject.h; sourceTree = "<group>"; };
		2293337F2429D255002CEE1D /* LGWindow.h */ = {isa = PBXFileReference; fileEncoding = 4; lastKnownFileType = sourcecode.c.h; path = LGWindow.h; sourceTree = "<group>"; };
		229333802429D255002CEE1D /* LGFragmentShader.m */ = {isa = PBXFileReference; fileEncoding = 4; lastKnownFileType = sourcecode.c.objc; path = LGFragmentShader.m; sourceTree = "<group>"; };
		229333812429D255002CEE1D /* LGShader.h */ = {isa = PBXFileReference; fileEncoding = 4; lastKnownFileType = sourcecode.c.h; path = LGShader.h; sourceTree = "<group>"; };
		229333822429D255002CEE1D /* LGTexture.h */ = {isa = PBXFileReference; fileEncoding = 4; lastKnownFileType = sourcecode.c.h; path = LGTexture.h; sourceTree = "<group>"; };
		229333832429D255002CEE1D /* LGTexture.m */ = {isa = PBXFileReference; fileEncoding = 4; lastKnownFileType = sourcecode.c.objc; path = LGTexture.m; sourceTree = "<group>"; };
		229333842429D255002CEE1D /* LGElementBuffereObject.m */ = {isa = PBXFileReference; fileEncoding = 4; lastKnownFileType = sourcecode.c.objc; path = LGElementBuffereObject.m; sourceTree = "<group>"; };
		229333852429D255002CEE1D /* LGWindow.m */ = {isa = PBXFileReference; fileEncoding = 4; lastKnownFileType = sourcecode.c.objc; path = LGWindow.m; sourceTree = "<group>"; };
/* End PBXFileReference section */

/* Begin PBXFrameworksBuildPhase section */
		2293331E2429CCA6002CEE1D /* Frameworks */ = {
			isa = PBXFrameworksBuildPhase;
			buildActionMask = 2147483647;
			files = (
			);
			runOnlyForDeploymentPostprocessing = 0;
		};
		229333662429CD69002CEE1D /* Frameworks */ = {
			isa = PBXFrameworksBuildPhase;
			buildActionMask = 2147483647;
			files = (
			);
			runOnlyForDeploymentPostprocessing = 0;
		};
/* End PBXFrameworksBuildPhase section */

/* Begin PBXGroup section */
		229333172429CCA6002CEE1D = {
			isa = PBXGroup;
			children = (
				229333232429CCA6002CEE1D /* LGLKit */,
				229333222429CCA6002CEE1D /* Products */,
				2293336C2429CD69002CEE1D /* LGLKit copy-Info.plist */,
			);
			sourceTree = "<group>";
		};
		229333222429CCA6002CEE1D /* Products */ = {
			isa = PBXGroup;
			children = (
				229333212429CCA6002CEE1D /* LGLKit.framework */,
				2293336B2429CD69002CEE1D /* MACLGLKit.framework */,
			);
			name = Products;
			sourceTree = "<group>";
		};
		229333232429CCA6002CEE1D /* LGLKit */ = {
			isa = PBXGroup;
			children = (
				2293336D2429CE95002CEE1D /* LGLInclude.h */,
				229333772429D255002CEE1D /* LGProgram.h */,
				2293337A2429D255002CEE1D /* LGProgram.m */,
				229333812429D255002CEE1D /* LGShader.h */,
				2293337B2429D255002CEE1D /* LGShader.m */,
				229333782429D255002CEE1D /* LGVertexShader.h */,
				229333762429D255002CEE1D /* LGVertexShader.m */,
				229333752429D255002CEE1D /* LGFragmentShader.h */,
				229333802429D255002CEE1D /* LGFragmentShader.m */,
				229333822429D255002CEE1D /* LGTexture.h */,
				229333832429D255002CEE1D /* LGTexture.m */,
				229333742429D254002CEE1D /* LGVertexArrayObject.h */,
				2293337D2429D255002CEE1D /* LGVertexArrayObject.m */,
				229333792429D255002CEE1D /* LGVertexBufferObject.h */,
				2293337C2429D255002CEE1D /* LGVertexBufferObject.m */,
				2293337E2429D255002CEE1D /* LGElementBuffereObject.h */,
				229333842429D255002CEE1D /* LGElementBuffereObject.m */,
				2293337F2429D255002CEE1D /* LGWindow.h */,
				229333852429D255002CEE1D /* LGWindow.m */,
				229333242429CCA6002CEE1D /* LGLKit.h */,
				229333252429CCA6002CEE1D /* Info.plist */,
			);
			path = LGLKit;
			sourceTree = "<group>";
		};
/* End PBXGroup section */

/* Begin PBXHeadersBuildPhase section */
		2293331C2429CCA6002CEE1D /* Headers */ = {
			isa = PBXHeadersBuildPhase;
			buildActionMask = 2147483647;
			files = (
				229333262429CCA6002CEE1D /* LGLKit.h in Headers */,
				229333A02429D256002CEE1D /* LGShader.h in Headers */,
				2293339A2429D256002CEE1D /* LGElementBuffereObject.h in Headers */,
				229333902429D256002CEE1D /* LGVertexBufferObject.h in Headers */,
				229333A22429D256002CEE1D /* LGTexture.h in Headers */,
				2293338C2429D256002CEE1D /* LGProgram.h in Headers */,
				229333882429D256002CEE1D /* LGFragmentShader.h in Headers */,
				2293338E2429D256002CEE1D /* LGVertexShader.h in Headers */,
				229333862429D256002CEE1D /* LGVertexArrayObject.h in Headers */,
				2293336E2429CE95002CEE1D /* LGLInclude.h in Headers */,
			);
			runOnlyForDeploymentPostprocessing = 0;
		};
		229333512429CD69002CEE1D /* Headers */ = {
			isa = PBXHeadersBuildPhase;
			buildActionMask = 2147483647;
			files = (
				229333532429CD69002CEE1D /* LGLKit.h in Headers */,
				2293339D2429D256002CEE1D /* LGWindow.h in Headers */,
				229333A12429D256002CEE1D /* LGShader.h in Headers */,
				2293339B2429D256002CEE1D /* LGElementBuffereObject.h in Headers */,
				229333912429D256002CEE1D /* LGVertexBufferObject.h in Headers */,
				229333A32429D256002CEE1D /* LGTexture.h in Headers */,
				2293338D2429D256002CEE1D /* LGProgram.h in Headers */,
				229333892429D256002CEE1D /* LGFragmentShader.h in Headers */,
				2293338F2429D256002CEE1D /* LGVertexShader.h in Headers */,
				229333872429D256002CEE1D /* LGVertexArrayObject.h in Headers */,
				2293336F2429CE95002CEE1D /* LGLInclude.h in Headers */,
			);
			runOnlyForDeploymentPostprocessing = 0;
		};
/* End PBXHeadersBuildPhase section */

/* Begin PBXNativeTarget section */
		229333202429CCA6002CEE1D /* LGLKit */ = {
			isa = PBXNativeTarget;
			buildConfigurationList = 229333292429CCA6002CEE1D /* Build configuration list for PBXNativeTarget "LGLKit" */;
			buildPhases = (
				2293331C2429CCA6002CEE1D /* Headers */,
				2293331D2429CCA6002CEE1D /* Sources */,
				2293331E2429CCA6002CEE1D /* Frameworks */,
				2293331F2429CCA6002CEE1D /* Resources */,
			);
			buildRules = (
			);
			dependencies = (
			);
			name = LGLKit;
			productName = LGLKit;
			productReference = 229333212429CCA6002CEE1D /* LGLKit.framework */;
			productType = "com.apple.product-type.framework";
		};
		229333502429CD69002CEE1D /* MACLGLKit */ = {
			isa = PBXNativeTarget;
			buildConfigurationList = 229333682429CD69002CEE1D /* Build configuration list for PBXNativeTarget "MACLGLKit" */;
			buildPhases = (
				229333512429CD69002CEE1D /* Headers */,
				2293335C2429CD69002CEE1D /* Sources */,
				229333662429CD69002CEE1D /* Frameworks */,
				229333672429CD69002CEE1D /* Resources */,
			);
			buildRules = (
			);
			dependencies = (
			);
			name = MACLGLKit;
			productName = LGLKit;
			productReference = 2293336B2429CD69002CEE1D /* MACLGLKit.framework */;
			productType = "com.apple.product-type.framework";
		};
/* End PBXNativeTarget section */

/* Begin PBXProject section */
		229333182429CCA6002CEE1D /* Project object */ = {
			isa = PBXProject;
			attributes = {
				LastUpgradeCheck = 1110;
				ORGANIZATIONNAME = Sam;
				TargetAttributes = {
					229333202429CCA6002CEE1D = {
						CreatedOnToolsVersion = 11.1;
					};
				};
			};
			buildConfigurationList = 2293331B2429CCA6002CEE1D /* Build configuration list for PBXProject "LGLKit" */;
			compatibilityVersion = "Xcode 9.3";
			developmentRegion = en;
			hasScannedForEncodings = 0;
			knownRegions = (
				en,
				Base,
			);
			mainGroup = 229333172429CCA6002CEE1D;
			productRefGroup = 229333222429CCA6002CEE1D /* Products */;
			projectDirPath = "";
			projectRoot = "";
			targets = (
				229333202429CCA6002CEE1D /* LGLKit */,
				229333502429CD69002CEE1D /* MACLGLKit */,
			);
		};
/* End PBXProject section */

/* Begin PBXResourcesBuildPhase section */
		2293331F2429CCA6002CEE1D /* Resources */ = {
			isa = PBXResourcesBuildPhase;
			buildActionMask = 2147483647;
			files = (
			);
			runOnlyForDeploymentPostprocessing = 0;
		};
		229333672429CD69002CEE1D /* Resources */ = {
			isa = PBXResourcesBuildPhase;
			buildActionMask = 2147483647;
			files = (
			);
			runOnlyForDeploymentPostprocessing = 0;
		};
/* End PBXResourcesBuildPhase section */

/* Begin PBXSourcesBuildPhase section */
		2293331D2429CCA6002CEE1D /* Sources */ = {
			isa = PBXSourcesBuildPhase;
			buildActionMask = 2147483647;
			files = (
				2293338A2429D256002CEE1D /* LGVertexShader.m in Sources */,
				2293339E2429D256002CEE1D /* LGFragmentShader.m in Sources */,
				229333A42429D256002CEE1D /* LGTexture.m in Sources */,
				229333922429D256002CEE1D /* LGProgram.m in Sources */,
				229333982429D256002CEE1D /* LGVertexArrayObject.m in Sources */,
				229333942429D256002CEE1D /* LGShader.m in Sources */,
				229333A62429D256002CEE1D /* LGElementBuffereObject.m in Sources */,
				229333962429D256002CEE1D /* LGVertexBufferObject.m in Sources */,
			);
			runOnlyForDeploymentPostprocessing = 0;
		};
		2293335C2429CD69002CEE1D /* Sources */ = {
			isa = PBXSourcesBuildPhase;
			buildActionMask = 2147483647;
			files = (
				2293338B2429D256002CEE1D /* LGVertexShader.m in Sources */,
				2293339F2429D256002CEE1D /* LGFragmentShader.m in Sources */,
				229333A52429D256002CEE1D /* LGTexture.m in Sources */,
				229333932429D256002CEE1D /* LGProgram.m in Sources */,
				229333A92429D256002CEE1D /* LGWindow.m in Sources */,
				229333992429D256002CEE1D /* LGVertexArrayObject.m in Sources */,
				229333952429D256002CEE1D /* LGShader.m in Sources */,
				229333A72429D256002CEE1D /* LGElementBuffereObject.m in Sources */,
				229333972429D256002CEE1D /* LGVertexBufferObject.m in Sources */,
			);
			runOnlyForDeploymentPostprocessing = 0;
		};
/* End PBXSourcesBuildPhase section */

/* Begin XCBuildConfiguration section */
		229333272429CCA6002CEE1D /* Debug */ = {
			isa = XCBuildConfiguration;
			buildSettings = {
				ALWAYS_SEARCH_USER_PATHS = NO;
				CLANG_ANALYZER_NONNULL = YES;
				CLANG_ANALYZER_NUMBER_OBJECT_CONVERSION = YES_AGGRESSIVE;
				CLANG_CXX_LANGUAGE_STANDARD = "gnu++14";
				CLANG_CXX_LIBRARY = "libc++";
				CLANG_ENABLE_MODULES = YES;
				CLANG_ENABLE_OBJC_ARC = YES;
				CLANG_ENABLE_OBJC_WEAK = YES;
				CLANG_WARN_BLOCK_CAPTURE_AUTORELEASING = YES;
				CLANG_WARN_BOOL_CONVERSION = YES;
				CLANG_WARN_COMMA = YES;
				CLANG_WARN_CONSTANT_CONVERSION = YES;
				CLANG_WARN_DEPRECATED_OBJC_IMPLEMENTATIONS = YES;
				CLANG_WARN_DIRECT_OBJC_ISA_USAGE = YES_ERROR;
				CLANG_WARN_DOCUMENTATION_COMMENTS = YES;
				CLANG_WARN_EMPTY_BODY = YES;
				CLANG_WARN_ENUM_CONVERSION = YES;
				CLANG_WARN_INFINITE_RECURSION = YES;
				CLANG_WARN_INT_CONVERSION = YES;
				CLANG_WARN_NON_LITERAL_NULL_CONVERSION = YES;
				CLANG_WARN_OBJC_IMPLICIT_RETAIN_SELF = YES;
				CLANG_WARN_OBJC_LITERAL_CONVERSION = YES;
				CLANG_WARN_OBJC_ROOT_CLASS = YES_ERROR;
				CLANG_WARN_RANGE_LOOP_ANALYSIS = YES;
				CLANG_WARN_STRICT_PROTOTYPES = YES;
				CLANG_WARN_SUSPICIOUS_MOVE = YES;
				CLANG_WARN_UNGUARDED_AVAILABILITY = YES_AGGRESSIVE;
				CLANG_WARN_UNREACHABLE_CODE = YES;
				CLANG_WARN__DUPLICATE_METHOD_MATCH = YES;
				COPY_PHASE_STRIP = NO;
				CURRENT_PROJECT_VERSION = 1;
				DEBUG_INFORMATION_FORMAT = dwarf;
				ENABLE_STRICT_OBJC_MSGSEND = YES;
				ENABLE_TESTABILITY = YES;
				GCC_C_LANGUAGE_STANDARD = gnu11;
				GCC_DYNAMIC_NO_PIC = NO;
				GCC_NO_COMMON_BLOCKS = YES;
				GCC_OPTIMIZATION_LEVEL = 0;
				GCC_PREPROCESSOR_DEFINITIONS = (
					"DEBUG=1",
					"$(inherited)",
				);
				GCC_WARN_64_TO_32_BIT_CONVERSION = YES;
				GCC_WARN_ABOUT_RETURN_TYPE = YES_ERROR;
				GCC_WARN_UNDECLARED_SELECTOR = YES;
				GCC_WARN_UNINITIALIZED_AUTOS = YES_AGGRESSIVE;
				GCC_WARN_UNUSED_FUNCTION = YES;
				GCC_WARN_UNUSED_VARIABLE = YES;
				IPHONEOS_DEPLOYMENT_TARGET = 8.0;
				MTL_ENABLE_DEBUG_INFO = INCLUDE_SOURCE;
				MTL_FAST_MATH = YES;
				ONLY_ACTIVE_ARCH = YES;
				SDKROOT = iphoneos;
				VERSIONING_SYSTEM = "apple-generic";
				VERSION_INFO_PREFIX = "";
			};
			name = Debug;
		};
		229333282429CCA6002CEE1D /* Release */ = {
			isa = XCBuildConfiguration;
			buildSettings = {
				ALWAYS_SEARCH_USER_PATHS = NO;
				CLANG_ANALYZER_NONNULL = YES;
				CLANG_ANALYZER_NUMBER_OBJECT_CONVERSION = YES_AGGRESSIVE;
				CLANG_CXX_LANGUAGE_STANDARD = "gnu++14";
				CLANG_CXX_LIBRARY = "libc++";
				CLANG_ENABLE_MODULES = YES;
				CLANG_ENABLE_OBJC_ARC = YES;
				CLANG_ENABLE_OBJC_WEAK = YES;
				CLANG_WARN_BLOCK_CAPTURE_AUTORELEASING = YES;
				CLANG_WARN_BOOL_CONVERSION = YES;
				CLANG_WARN_COMMA = YES;
				CLANG_WARN_CONSTANT_CONVERSION = YES;
				CLANG_WARN_DEPRECATED_OBJC_IMPLEMENTATIONS = YES;
				CLANG_WARN_DIRECT_OBJC_ISA_USAGE = YES_ERROR;
				CLANG_WARN_DOCUMENTATION_COMMENTS = YES;
				CLANG_WARN_EMPTY_BODY = YES;
				CLANG_WARN_ENUM_CONVERSION = YES;
				CLANG_WARN_INFINITE_RECURSION = YES;
				CLANG_WARN_INT_CONVERSION = YES;
				CLANG_WARN_NON_LITERAL_NULL_CONVERSION = YES;
				CLANG_WARN_OBJC_IMPLICIT_RETAIN_SELF = YES;
				CLANG_WARN_OBJC_LITERAL_CONVERSION = YES;
				CLANG_WARN_OBJC_ROOT_CLASS = YES_ERROR;
				CLANG_WARN_RANGE_LOOP_ANALYSIS = YES;
				CLANG_WARN_STRICT_PROTOTYPES = YES;
				CLANG_WARN_SUSPICIOUS_MOVE = YES;
				CLANG_WARN_UNGUARDED_AVAILABILITY = YES_AGGRESSIVE;
				CLANG_WARN_UNREACHABLE_CODE = YES;
				CLANG_WARN__DUPLICATE_METHOD_MATCH = YES;
				COPY_PHASE_STRIP = NO;
				CURRENT_PROJECT_VERSION = 1;
				DEBUG_INFORMATION_FORMAT = "dwarf-with-dsym";
				ENABLE_NS_ASSERTIONS = NO;
				ENABLE_STRICT_OBJC_MSGSEND = YES;
				GCC_C_LANGUAGE_STANDARD = gnu11;
				GCC_NO_COMMON_BLOCKS = YES;
				GCC_WARN_64_TO_32_BIT_CONVERSION = YES;
				GCC_WARN_ABOUT_RETURN_TYPE = YES_ERROR;
				GCC_WARN_UNDECLARED_SELECTOR = YES;
				GCC_WARN_UNINITIALIZED_AUTOS = YES_AGGRESSIVE;
				GCC_WARN_UNUSED_FUNCTION = YES;
				GCC_WARN_UNUSED_VARIABLE = YES;
				IPHONEOS_DEPLOYMENT_TARGET = 8.0;
				MTL_ENABLE_DEBUG_INFO = NO;
				MTL_FAST_MATH = YES;
				SDKROOT = iphoneos;
				VALIDATE_PRODUCT = YES;
				VERSIONING_SYSTEM = "apple-generic";
				VERSION_INFO_PREFIX = "";
			};
			name = Release;
		};
		2293332A2429CCA6002CEE1D /* Debug */ = {
			isa = XCBuildConfiguration;
			buildSettings = {
				CODE_SIGN_STYLE = Automatic;
				DEFINES_MODULE = YES;
				DEVELOPMENT_TEAM = BBH3U98L88;
				DYLIB_COMPATIBILITY_VERSION = 1;
				DYLIB_CURRENT_VERSION = 1;
				DYLIB_INSTALL_NAME_BASE = "@rpath";
				INFOPLIST_FILE = LGLKit/Info.plist;
				INSTALL_PATH = "$(LOCAL_LIBRARY_DIR)/Frameworks";
				LD_RUNPATH_SEARCH_PATHS = (
					"$(inherited)",
					"@executable_path/Frameworks",
					"@loader_path/Frameworks",
				);
				PRODUCT_BUNDLE_IDENTIFIER = com.sam.www.LGLKit;
				PRODUCT_NAME = "$(TARGET_NAME:c99extidentifier)";
				SKIP_INSTALL = YES;
				TARGETED_DEVICE_FAMILY = "1,2";
			};
			name = Debug;
		};
		2293332B2429CCA6002CEE1D /* Release */ = {
			isa = XCBuildConfiguration;
			buildSettings = {
				CODE_SIGN_STYLE = Automatic;
				DEFINES_MODULE = YES;
				DEVELOPMENT_TEAM = BBH3U98L88;
				DYLIB_COMPATIBILITY_VERSION = 1;
				DYLIB_CURRENT_VERSION = 1;
				DYLIB_INSTALL_NAME_BASE = "@rpath";
				INFOPLIST_FILE = LGLKit/Info.plist;
				INSTALL_PATH = "$(LOCAL_LIBRARY_DIR)/Frameworks";
				LD_RUNPATH_SEARCH_PATHS = (
					"$(inherited)",
					"@executable_path/Frameworks",
					"@loader_path/Frameworks",
				);
				PRODUCT_BUNDLE_IDENTIFIER = com.sam.www.LGLKit;
				PRODUCT_NAME = "$(TARGET_NAME:c99extidentifier)";
				SKIP_INSTALL = YES;
				TARGETED_DEVICE_FAMILY = "1,2";
			};
			name = Release;
		};
		229333692429CD69002CEE1D /* Debug */ = {
			isa = XCBuildConfiguration;
			buildSettings = {
				ALWAYS_SEARCH_USER_PATHS = YES;
				CODE_SIGN_STYLE = Automatic;
				DEFINES_MODULE = YES;
				DEVELOPMENT_TEAM = BBH3U98L88;
				DYLIB_COMPATIBILITY_VERSION = 1;
				DYLIB_CURRENT_VERSION = 1;
				DYLIB_INSTALL_NAME_BASE = "@rpath";
				INFOPLIST_FILE = "LGLKit copy-Info.plist";
				INSTALL_PATH = "$(LOCAL_LIBRARY_DIR)/Frameworks";
				LD_RUNPATH_SEARCH_PATHS = (
					"$(inherited)",
					"@executable_path/Frameworks",
					"@loader_path/Frameworks",
				);
				LIBRARY_SEARCH_PATHS = /usr/local/lib;
				OTHER_LDFLAGS = (
					"-l",
					glfw3,
					"-objc",
				);
				PRODUCT_BUNDLE_IDENTIFIER = com.sam.www.LGLKit;
				PRODUCT_NAME = "$(TARGET_NAME)";
				SDKROOT = macosx;
				SKIP_INSTALL = YES;
				TARGETED_DEVICE_FAMILY = "1,2";
				USER_HEADER_SEARCH_PATHS = /usr/local/include;
			};
			name = Debug;
		};
		2293336A2429CD69002CEE1D /* Release */ = {
			isa = XCBuildConfiguration;
			buildSettings = {
				ALWAYS_SEARCH_USER_PATHS = YES;
				CODE_SIGN_STYLE = Automatic;
				DEFINES_MODULE = YES;
				DEVELOPMENT_TEAM = BBH3U98L88;
				DYLIB_COMPATIBILITY_VERSION = 1;
				DYLIB_CURRENT_VERSION = 1;
				DYLIB_INSTALL_NAME_BASE = "@rpath";
				INFOPLIST_FILE = "LGLKit copy-Info.plist";
				INSTALL_PATH = "$(LOCAL_LIBRARY_DIR)/Frameworks";
				LD_RUNPATH_SEARCH_PATHS = (
					"$(inherited)",
					"@executable_path/Frameworks",
					"@loader_path/Frameworks",
				);
				LIBRARY_SEARCH_PATHS = /usr/local/lib;
				OTHER_LDFLAGS = (
					"-l",
					glfw3,
					"-objc",
				);
				PRODUCT_BUNDLE_IDENTIFIER = com.sam.www.LGLKit;
				PRODUCT_NAME = "$(TARGET_NAME)";
				SDKROOT = macosx;
				SKIP_INSTALL = YES;
				TARGETED_DEVICE_FAMILY = "1,2";
				USER_HEADER_SEARCH_PATHS = /usr/local/include;
			};
			name = Release;
		};
/* End XCBuildConfiguration section */

/* Begin XCConfigurationList section */
		2293331B2429CCA6002CEE1D /* Build configuration list for PBXProject "LGLKit" */ = {
			isa = XCConfigurationList;
			buildConfigurations = (
				229333272429CCA6002CEE1D /* Debug */,
				229333282429CCA6002CEE1D /* Release */,
			);
			defaultConfigurationIsVisible = 0;
			defaultConfigurationName = Release;
		};
		229333292429CCA6002CEE1D /* Build configuration list for PBXNativeTarget "LGLKit" */ = {
			isa = XCConfigurationList;
			buildConfigurations = (
				2293332A2429CCA6002CEE1D /* Debug */,
				2293332B2429CCA6002CEE1D /* Release */,
			);
			defaultConfigurationIsVisible = 0;
			defaultConfigurationName = Release;
		};
		229333682429CD69002CEE1D /* Build configuration list for PBXNativeTarget "MACLGLKit" */ = {
			isa = XCConfigurationList;
			buildConfigurations = (
				229333692429CD69002CEE1D /* Debug */,
				2293336A2429CD69002CEE1D /* Release */,
			);
			defaultConfigurationIsVisible = 0;
			defaultConfigurationName = Release;
		};
/* End XCConfigurationList section */
	};
	rootObject = 229333182429CCA6002CEE1D /* Project object */;
}
